{
  "originHash" : "123442de71e2ef066a6690ec304a6876400837e846a7f18abc14288d2133eb5e",
  "pins" : [
    {
      "identity" : "otosakufeatureextractor-ios",
      "kind" : "remoteSourceControl",
      "location" : "https://github.com/Otosaku/OtosakuFeatureExtractor-iOS.git",
      "state" : {
        "revision" : "48ad9b92cf920bf5d74880331ab049a42bc48565",
        "version" : "1.0.4"
      }
    },
    {
      "identity" : "plain-pocketfft",
      "kind" : "remoteSourceControl",
      "location" : "https://github.com/dhrebeniuk/plain-pocketfft.git",
      "state" : {
        "revision" : "b9633be41ad61e40a93f58abafed9fb5e281ed18",
        "version" : "0.0.9"
      }
    },
    {
      "identity" : "pocketfft",
      "kind" : "remoteSourceControl",
      "location" : "https://github.com/dhrebeniuk/pocketfft.git",
      "state" : {
        "revision" : "f7f2ac6085d9123ab130bb8daebcc11acd72d52c",
        "version" : "0.0.1"
      }
    },
    {
      "identity" : "zipfoundation",
      "kind" : "remoteSourceControl",
      "location" : "https://github.com/weichsel/ZIPFoundation.git",
      "state" : {
        "revision" : "02b6abe5f6eef7e3cbd5f247c5cc24e246efcfe0",
        "version" : "0.9.19"
      }
    }
  ],
  "version" : 3
}
